
Microsoft Visual Studio Solution File, Format Version 12.00
# Visual Studio Version 16
VisualStudioVersion = 16.0.29411.108
MinimumVisualStudioVersion = 10.0.40219.1
Project("{FAE04EC0-301F-11D3-BF4B-00C04F79EFBC}") = "localartsfinal.UWP", "localartsfinal.UWP\localartsfinal.UWP.csproj", "{7CBFC42A-4C52-4BB6-A2EB-F4D54320749C}"
EndProject
Project("{FAE04EC0-301F-11D3-BF4B-00C04F79EFBC}") = "localartsfinal.Android", "localartsfinal.Android\localartsfinal.Android.csproj", "{6E8E0AB9-E02A-42E8-B36F-653918765DCF}"
EndProject
Project("{FAE04EC0-301F-11D3-BF4B-00C04F79EFBC}") = "localartsfinal.iOS", "localartsfinal.iOS\localartsfinal.iOS.csproj", "{9720F323-BE60-48CF-87DC-BC916F08D8B9}"
EndProject
Project("{FAE04EC0-301F-11D3-BF4B-00C04F79EFBC}") = "localartsfinal", "localartsfinal\localartsfinal.csproj", "{EB0EB2E2-AC0B-46FB-A941-50CB507B7155}"
EndProject
Global
	GlobalSection(SolutionConfigurationPlatforms) = preSolution
		Debug|Any CPU = Debug|Any CPU
		Debug|ARM = Debug|ARM
		Debug|iPhone = Debug|iPhone
		Debug|iPhoneSimulator = Debug|iPhoneSimulator
		Debug|x64 = Debug|x64
		Debug|x86 = Debug|x86
		Release|Any CPU = Release|Any CPU
		Release|ARM = Release|ARM
		Release|iPhone = Release|iPhone
		Release|iPhoneSimulator = Release|iPhoneSimulator
		Release|x64 = Release|x64
		Release|x86 = Release|x86
	EndGlobalSection
	GlobalSection(ProjectConfigurationPlatforms) = postSolution
		{7CBFC42A-4C52-4BB6-A2EB-F4D54320749C}.Debug|Any CPU.ActiveCfg = Debug|x86
		{7CBFC42A-4C52-4BB6-A2EB-F4D54320749C}.Debug|Any CPU.Build.0 = Debug|x86
		{7CBFC42A-4C52-4BB6-A2EB-F4D54320749C}.Debug|Any CPU.Deploy.0 = Debug|x86
		{7CBFC42A-4C52-4BB6-A2EB-F4D54320749C}.Debug|ARM.ActiveCfg = Debug|ARM
		{7CBFC42A-4C52-4BB6-A2EB-F4D54320749C}.Debug|ARM.Build.0 = Debug|ARM
		{7CBFC42A-4C52-4BB6-A2EB-F4D54320749C}.Debug|ARM.Deploy.0 = Debug|ARM
		{7CBFC42A-4C52-4BB6-A2EB-F4D54320749C}.Debug|iPhone.ActiveCfg = Debug|x86
		{7CBFC42A-4C52-4BB6-A2EB-F4D54320749C}.Debug|iPhone.Build.0 = Debug|x86
		{7CBFC42A-4C52-4BB6-A2EB-F4D54320749C}.Debug|iPhone.Deploy.0 = Debug|x86
		{7CBFC42A-4C52-4BB6-A2EB-F4D54320749C}.Debug|iPhoneSimulator.ActiveCfg = Debug|x86
		{7CBFC42A-4C52-4BB6-A2EB-F4D54320749C}.Debug|iPhoneSimulator.Build.0 = Debug|x86
		{7CBFC42A-4C52-4BB6-A2EB-F4D54320749C}.Debug|iPhoneSimulator.Deploy.0 = Debug|x86
		{7CBFC42A-4C52-4BB6-A2EB-F4D54320749C}.Debug|x64.ActiveCfg = Debug|x64
		{7CBFC42A-4C52-4BB6-A2EB-F4D54320749C}.Debug|x64.Build.0 = Debug|x64
		{7CBFC42A-4C52-4BB6-A2EB-F4D54320749C}.Debug|x64.Deploy.0 = Debug|x64
		{7CBFC42A-4C52-4BB6-A2EB-F4D54320749C}.Debug|x86.ActiveCfg = Debug|x86
		{7CBFC42A-4C52-4BB6-A2EB-F4D54320749C}.Debug|x86.Build.0 = Debug|x86
		{7CBFC42A-4C52-4BB6-A2EB-F4D54320749C}.Debug|x86.Deploy.0 = Debug|x86
		{7CBFC42A-4C52-4BB6-A2EB-F4D54320749C}.Release|Any CPU.ActiveCfg = Release|x86
		{7CBFC42A-4C52-4BB6-A2EB-F4D54320749C}.Release|Any CPU.Build.0 = Release|x86
		{7CBFC42A-4C52-4BB6-A2EB-F4D54320749C}.Release|Any CPU.Deploy.0 = Release|x86
		{7CBFC42A-4C52-4BB6-A2EB-F4D54320749C}.Release|ARM.ActiveCfg = Release|ARM
		{7CBFC42A-4C52-4BB6-A2EB-F4D54320749C}.Release|ARM.Build.0 = Release|ARM
		{7CBFC42A-4C52-4BB6-A2EB-F4D54320749C}.Release|ARM.Deploy.0 = Release|ARM
		{7CBFC42A-4C52-4BB6-A2EB-F4D54320749C}.Release|iPhone.ActiveCfg = Release|x86
		{7CBFC42A-4C52-4BB6-A2EB-F4D54320749C}.Release|iPhone.Build.0 = Release|x86
		{7CBFC42A-4C52-4BB6-A2EB-F4D54320749C}.Release|iPhone.Deploy.0 = Release|x86
		{7CBFC42A-4C52-4BB6-A2EB-F4D54320749C}.Release|iPhoneSimulator.ActiveCfg = Release|x86
		{7CBFC42A-4C52-4BB6-A2EB-F4D54320749C}.Release|iPhoneSimulator.Build.0 = Release|x86
		{7CBFC42A-4C52-4BB6-A2EB-F4D54320749C}.Release|iPhoneSimulator.Deploy.0 = Release|x86
		{7CBFC42A-4C52-4BB6-A2EB-F4D54320749C}.Release|x64.ActiveCfg = Release|x64
		{7CBFC42A-4C52-4BB6-A2EB-F4D54320749C}.Release|x64.Build.0 = Release|x64
		{7CBFC42A-4C52-4BB6-A2EB-F4D54320749C}.Release|x64.Deploy.0 = Release|x64
		{7CBFC42A-4C52-4BB6-A2EB-F4D54320749C}.Release|x86.ActiveCfg = Release|x86
		{7CBFC42A-4C52-4BB6-A2EB-F4D54320749C}.Release|x86.Build.0 = Release|x86
		{7CBFC42A-4C52-4BB6-A2EB-F4D54320749C}.Release|x86.Deploy.0 = Release|x86
		{6E8E0AB9-E02A-42E8-B36F-653918765DCF}.Debug|Any CPU.ActiveCfg = Debug|Any CPU
		{6E8E0AB9-E02A-42E8-B36F-653918765DCF}.Debug|Any CPU.Build.0 = Debug|Any CPU
		{6E8E0AB9-E02A-42E8-B36F-653918765DCF}.Debug|Any CPU.Deploy.0 = Debug|Any CPU
		{6E8E0AB9-E02A-42E8-B36F-653918765DCF}.Debug|ARM.ActiveCfg = Debug|Any CPU
		{6E8E0AB9-E02A-42E8-B36F-653918765DCF}.Debug|ARM.Build.0 = Debug|Any CPU
		{6E8E0AB9-E02A-42E8-B36F-653918765DCF}.Debug|ARM.Deploy.0 = Debug|Any CPU
		{6E8E0AB9-E02A-42E8-B36F-653918765DCF}.Debug|iPhone.ActiveCfg = Debug|Any CPU
		{6E8E0AB9-E02A-42E8-B36F-653918765DCF}.Debug|iPhone.Build.0 = Debug|Any CPU
		{6E8E0AB9-E02A-42E8-B36F-653918765DCF}.Debug|iPhone.Deploy.0 = Debug|Any CPU
		{6E8E0AB9-E02A-42E8-B36F-653918765DCF}.Debug|iPhoneSimulator.ActiveCfg = Debug|Any CPU
		{6E8E0AB9-E02A-42E8-B36F-653918765DCF}.Debug|iPhoneSimulator.Build.0 = Debug|Any CPU
		{6E8E0AB9-E02A-42E8-B36F-653918765DCF}.Debug|iPhoneSimulator.Deploy.0 = Debug|Any CPU
		{6E8E0AB9-E02A-42E8-B36F-653918765DCF}.Debug|x64.ActiveCfg = Debug|Any CPU
		{6E8E0AB9-E02A-42E8-B36F-653918765DCF}.Debug|x64.Build.0 = Debug|Any CPU
		{6E8E0AB9-E02A-42E8-B36F-653918765DCF}.Debug|x64.Deploy.0 = Debug|Any CPU
		{6E8E0AB9-E02A-42E8-B36F-653918765DCF}.Debug|x86.ActiveCfg = Debug|Any CPU
		{6E8E0AB9-E02A-42E8-B36F-653918765DCF}.Debug|x86.Build.0 = Debug|Any CPU
		{6E8E0AB9-E02A-42E8-B36F-653918765DCF}.Debug|x86.Deploy.0 = Debug|Any CPU
		{6E8E0AB9-E02A-42E8-B36F-653918765DCF}.Release|Any CPU.ActiveCfg = Release|Any CPU
		{6E8E0AB9-E02A-42E8-B36F-653918765DCF}.Release|Any CPU.Build.0 = Release|Any CPU
		{6E8E0AB9-E02A-42E8-B36F-653918765DCF}.Release|Any CPU.Deploy.0 = Release|Any CPU
		{6E8E0AB9-E02A-42E8-B36F-653918765DCF}.Release|ARM.ActiveCfg = Release|Any CPU
		{6E8E0AB9-E02A-42E8-B36F-653918765DCF}.Release|ARM.Build.0 = Release|Any CPU
		{6E8E0AB9-E02A-42E8-B36F-653918765DCF}.Release|ARM.Deploy.0 = Release|Any CPU
		{6E8E0AB9-E02A-42E8-B36F-653918765DCF}.Release|iPhone.ActiveCfg = Release|Any CPU
		{6E8E0AB9-E02A-42E8-B36F-653918765DCF}.Release|iPhone.Build.0 = Release|Any CPU
		{6E8E0AB9-E02A-42E8-B36F-653918765DCF}.Release|iPhone.Deploy.0 = Release|Any CPU
		{6E8E0AB9-E02A-42E8-B36F-653918765DCF}.Release|iPhoneSimulator.ActiveCfg = Release|Any CPU
		{6E8E0AB9-E02A-42E8-B36F-653918765DCF}.Release|iPhoneSimulator.Build.0 = Release|Any CPU
		{6E8E0AB9-E02A-42E8-B36F-653918765DCF}.Release|iPhoneSimulator.Deploy.0 = Release|Any CPU
		{6E8E0AB9-E02A-42E8-B36F-653918765DCF}.Release|x64.ActiveCfg = Release|Any CPU
		{6E8E0AB9-E02A-42E8-B36F-653918765DCF}.Release|x64.Build.0 = Release|Any CPU
		{6E8E0AB9-E02A-42E8-B36F-653918765DCF}.Release|x64.Deploy.0 = Release|Any CPU
		{6E8E0AB9-E02A-42E8-B36F-653918765DCF}.Release|x86.ActiveCfg = Release|Any CPU
		{6E8E0AB9-E02A-42E8-B36F-653918765DCF}.Release|x86.Build.0 = Release|Any CPU
		{6E8E0AB9-E02A-42E8-B36F-653918765DCF}.Release|x86.Deploy.0 = Release|Any CPU
		{9720F323-BE60-48CF-87DC-BC916F08D8B9}.Debug|Any CPU.ActiveCfg = Debug|iPhone
		{9720F323-BE60-48CF-87DC-BC916F08D8B9}.Debug|Any CPU.Build.0 = Debug|iPhone
		{9720F323-BE60-48CF-87DC-BC916F08D8B9}.Debug|Any CPU.Deploy.0 = Debug|iPhone
		{9720F323-BE60-48CF-87DC-BC916F08D8B9}.Debug|ARM.ActiveCfg = Debug|iPhoneSimulator
		{9720F323-BE60-48CF-87DC-BC916F08D8B9}.Debug|ARM.Build.0 = Debug|iPhoneSimulator
		{9720F323-BE60-48CF-87DC-BC916F08D8B9}.Debug|ARM.Deploy.0 = Debug|iPhoneSimulator
		{9720F323-BE60-48CF-87DC-BC916F08D8B9}.Debug|iPhone.ActiveCfg = Debug|iPhone
		{9720F323-BE60-48CF-87DC-BC916F08D8B9}.Debug|iPhone.Build.0 = Debug|iPhone
		{9720F323-BE60-48CF-87DC-BC916F08D8B9}.Debug|iPhone.Deploy.0 = Debug|iPhone
		{9720F323-BE60-48CF-87DC-BC916F08D8B9}.Debug|iPhoneSimulator.ActiveCfg = Debug|iPhoneSimulator
		{9720F323-BE60-48CF-87DC-BC916F08D8B9}.Debug|iPhoneSimulator.Build.0 = Debug|iPhoneSimulator
		{9720F323-BE60-48CF-87DC-BC916F08D8B9}.Debug|iPhoneSimulator.Deploy.0 = Debug|iPhoneSimulator
		{9720F323-BE60-48CF-87DC-BC916F08D8B9}.Debug|x64.ActiveCfg = Debug|iPhone
		{9720F323-BE60-48CF-87DC-BC916F08D8B9}.Debug|x64.Build.0 = Debug|iPhone
		{9720F323-BE60-48CF-87DC-BC916F08D8B9}.Debug|x64.Deploy.0 = Debug|iPhone
		{9720F323-BE60-48CF-87DC-BC916F08D8B9}.Debug|x86.ActiveCfg = Debug|iPhone
		{9720F323-BE60-48CF-87DC-BC916F08D8B9}.Debug|x86.Build.0 = Debug|iPhone
		{9720F323-BE60-48CF-87DC-BC916F08D8B9}.Debug|x86.Deploy.0 = Debug|iPhone
		{9720F323-BE60-48CF-87DC-BC916F08D8B9}.Release|Any CPU.ActiveCfg = Release|iPhone
		{9720F323-BE60-48CF-87DC-BC916F08D8B9}.Release|Any CPU.Build.0 = Release|iPhone
		{9720F323-BE60-48CF-87DC-BC916F08D8B9}.Release|Any CPU.Deploy.0 = Release|iPhone
		{9720F323-BE60-48CF-87DC-BC916F08D8B9}.Release|ARM.ActiveCfg = Release|iPhone
		{9720F323-BE60-48CF-87DC-BC916F08D8B9}.Release|ARM.Build.0 = Release|iPhone
		{9720F323-BE60-48CF-87DC-BC916F08D8B9}.Release|ARM.Deploy.0 = Release|iPhone
		{9720F323-BE60-48CF-87DC-BC916F08D8B9}.Release|iPhone.ActiveCfg = Release|iPhone
		{9720F323-BE60-48CF-87DC-BC916F08D8B9}.Release|iPhone.Build.0 = Release|iPhone
		{9720F323-BE60-48CF-87DC-BC916F08D8B9}.Release|iPhone.Deploy.0 = Release|iPhone
		{9720F323-BE60-48CF-87DC-BC916F08D8B9}.Release|iPhoneSimulator.ActiveCfg = Release|iPhoneSimulator
		{9720F323-BE60-48CF-87DC-BC916F08D8B9}.Release|iPhoneSimulator.Build.0 = Release|iPhoneSimulator
		{9720F323-BE60-48CF-87DC-BC916F08D8B9}.Release|iPhoneSimulator.Deploy.0 = Release|iPhoneSimulator
		{9720F323-BE60-48CF-87DC-BC916F08D8B9}.Release|x64.ActiveCfg = Release|iPhone
		{9720F323-BE60-48CF-87DC-BC916F08D8B9}.Release|x64.Build.0 = Release|iPhone
		{9720F323-BE60-48CF-87DC-BC916F08D8B9}.Release|x64.Deploy.0 = Release|iPhone
		{9720F323-BE60-48CF-87DC-BC916F08D8B9}.Release|x86.ActiveCfg = Release|iPhone
		{9720F323-BE60-48CF-87DC-BC916F08D8B9}.Release|x86.Build.0 = Release|iPhone
		{9720F323-BE60-48CF-87DC-BC916F08D8B9}.Release|x86.Deploy.0 = Release|iPhone
		{EB0EB2E2-AC0B-46FB-A941-50CB507B7155}.Debug|Any CPU.ActiveCfg = Debug|Any CPU
		{EB0EB2E2-AC0B-46FB-A941-50CB507B7155}.Debug|Any CPU.Build.0 = Debug|Any CPU
		{EB0EB2E2-AC0B-46FB-A941-50CB507B7155}.Debug|Any CPU.Deploy.0 = Debug|Any CPU
		{EB0EB2E2-AC0B-46FB-A941-50CB507B7155}.Debug|ARM.ActiveCfg = Debug|Any CPU
		{EB0EB2E2-AC0B-46FB-A941-50CB507B7155}.Debug|ARM.Build.0 = Debug|Any CPU
		{EB0EB2E2-AC0B-46FB-A941-50CB507B7155}.Debug|ARM.Deploy.0 = Debug|Any CPU
		{EB0EB2E2-AC0B-46FB-A941-50CB507B7155}.Debug|iPhone.ActiveCfg = Debug|Any CPU
		{EB0EB2E2-AC0B-46FB-A941-50CB507B7155}.Debug|iPhone.Build.0 = Debug|Any CPU
		{EB0EB2E2-AC0B-46FB-A941-50CB507B7155}.Debug|iPhone.Deploy.0 = Debug|Any CPU
		{EB0EB2E2-AC0B-46FB-A941-50CB507B7155}.Debug|iPhoneSimulator.ActiveCfg = Debug|Any CPU
		{EB0EB2E2-AC0B-46FB-A941-50CB507B7155}.Debug|iPhoneSimulator.Build.0 = Debug|Any CPU
		{EB0EB2E2-AC0B-46FB-A941-50CB507B7155}.Debug|iPhoneSimulator.Deploy.0 = Debug|Any CPU
		{EB0EB2E2-AC0B-46FB-A941-50CB507B7155}.Debug|x64.ActiveCfg = Debug|Any CPU
		{EB0EB2E2-AC0B-46FB-A941-50CB507B7155}.Debug|x64.Build.0 = Debug|Any CPU
		{EB0EB2E2-AC0B-46FB-A941-50CB507B7155}.Debug|x64.Deploy.0 = Debug|Any CPU
		{EB0EB2E2-AC0B-46FB-A941-50CB507B7155}.Debug|x86.ActiveCfg = Debug|Any CPU
		{EB0EB2E2-AC0B-46FB-A941-50CB507B7155}.Debug|x86.Build.0 = Debug|Any CPU
		{EB0EB2E2-AC0B-46FB-A941-50CB507B7155}.Debug|x86.Deploy.0 = Debug|Any CPU
		{EB0EB2E2-AC0B-46FB-A941-50CB507B7155}.Release|Any CPU.ActiveCfg = Release|Any CPU
		{EB0EB2E2-AC0B-46FB-A941-50CB507B7155}.Release|Any CPU.Build.0 = Release|Any CPU
		{EB0EB2E2-AC0B-46FB-A941-50CB507B7155}.Release|Any CPU.Deploy.0 = Release|Any CPU
		{EB0EB2E2-AC0B-46FB-A941-50CB507B7155}.Release|ARM.ActiveCfg = Release|Any CPU
		{EB0EB2E2-AC0B-46FB-A941-50CB507B7155}.Release|ARM.Build.0 = Release|Any CPU
		{EB0EB2E2-AC0B-46FB-A941-50CB507B7155}.Release|ARM.Deploy.0 = Release|Any CPU
		{EB0EB2E2-AC0B-46FB-A941-50CB507B7155}.Release|iPhone.ActiveCfg = Release|Any CPU
		{EB0EB2E2-AC0B-46FB-A941-50CB507B7155}.Release|iPhone.Build.0 = Release|Any CPU
		{EB0EB2E2-AC0B-46FB-A941-50CB507B7155}.Release|iPhone.Deploy.0 = Release|Any CPU
		{EB0EB2E2-AC0B-46FB-A941-50CB507B7155}.Release|iPhoneSimulator.ActiveCfg = Release|Any CPU
		{EB0EB2E2-AC0B-46FB-A941-50CB507B7155}.Release|iPhoneSimulator.Build.0 = Release|Any CPU
		{EB0EB2E2-AC0B-46FB-A941-50CB507B7155}.Release|iPhoneSimulator.Deploy.0 = Release|Any CPU
		{EB0EB2E2-AC0B-46FB-A941-50CB507B7155}.Release|x64.ActiveCfg = Release|Any CPU
		{EB0EB2E2-AC0B-46FB-A941-50CB507B7155}.Release|x64.Build.0 = Release|Any CPU
		{EB0EB2E2-AC0B-46FB-A941-50CB507B7155}.Release|x64.Deploy.0 = Release|Any CPU
		{EB0EB2E2-AC0B-46FB-A941-50CB507B7155}.Release|x86.ActiveCfg = Release|Any CPU
		{EB0EB2E2-AC0B-46FB-A941-50CB507B7155}.Release|x86.Build.0 = Release|Any CPU
		{EB0EB2E2-AC0B-46FB-A941-50CB507B7155}.Release|x86.Deploy.0 = Release|Any CPU
	EndGlobalSection
	GlobalSection(SolutionProperties) = preSolution
		HideSolutionNode = FALSE
	EndGlobalSection
	GlobalSection(ExtensibilityGlobals) = postSolution
		SolutionGuid = {794AFEFE-873E-4DE2-A60E-D2D2D7614FE3}
	EndGlobalSection
EndGlobal
